
Microsoft Visual Studio Solution File, Format Version 12.00
# Visual Studio Version 16
VisualStudioVersion = 16.0.30517.126
MinimumVisualStudioVersion = 10.0.40219.1
Project("{FAE04EC0-301F-11D3-BF4B-00C04F79EFBC}") = "eLoan Project", "eLoan Project\eLoan Project.csproj", "{A6A4610D-ECF6-442D-869D-959979CA064D}"
EndProject
Global
	GlobalSection(SolutionConfigurationPlatforms) = preSolution
		Debug|Any CPU = Debug|Any CPU
		Release|Any CPU = Release|Any CPU
	EndGlobalSection
	GlobalSection(ProjectConfigurationPlatforms) = postSolution
		{A6A4610D-ECF6-442D-869D-959979CA064D}.Debug|Any CPU.ActiveCfg = Debug|Any CPU
		{A6A4610D-ECF6-442D-869D-959979CA064D}.Debug|Any CPU.Build.0 = Debug|Any CPU
		{A6A4610D-ECF6-442D-869D-959979CA064D}.Release|Any CPU.ActiveCfg = Release|Any CPU
		{A6A4610D-ECF6-442D-869D-959979CA064D}.Release|Any CPU.Build.0 = Release|Any CPU
	EndGlobalSection
	GlobalSection(SolutionProperties) = preSolution
		HideSolutionNode = FALSE
	EndGlobalSection
	GlobalSection(ExtensibilityGlobals) = postSolution
		SolutionGuid = {86DAD92F-7A90-48B3-B1F8-664CD156B7D7}
	EndGlobalSection
EndGlobal
